speakeasyVersion: 1.793.0
sources:
    supermemory API:
        sourceNamespace: supermemory-api
        sourceRevisionDigest: sha256:a2f306477e6d2933980e38f79d923f493a5a7b412381b275580cc8e84807e41d
        sourceBlobDigest: sha256:ee2c55f9cb3ca62caefd5c17c41f0f89a26a6e215240509eaec75338cb06a9f3
        tags:
            - latest
            - 3.0.0
targets:
    supermemory:
        source: supermemory API
        sourceNamespace: supermemory-api
        sourceRevisionDigest: sha256:a2f306477e6d2933980e38f79d923f493a5a7b412381b275580cc8e84807e41d
        sourceBlobDigest: sha256:ee2c55f9cb3ca62caefd5c17c41f0f89a26a6e215240509eaec75338cb06a9f3
        codeSamplesNamespace: supermemory-api-typescript-code-samples
        codeSamplesRevisionDigest: sha256:352fa1ecc4f615f617461a2bbecaa2473aa529e03759a87580e907bcaec1de25
workflow:
    workflowVersion: 1.0.0
    speakeasyVersion: latest
    sources:
        supermemory API:
            inputs:
                - location: https://api.supermemory.ai/v4/openapi
            overlays:
                - location: .speakeasy/speakeasy-modifications-overlay.yaml
                - location: .speakeasy/stainless-parity-overlay.yaml
            output: .speakeasy/out.openapi.yaml
            registry:
                location: registry.speakeasyapi.dev/supermemory-hnj/supermemory/supermemory-api
    targets:
        supermemory:
            target: typescript
            source: supermemory API
            codeSamples:
                registry:
                    location: registry.speakeasyapi.dev/supermemory-hnj/supermemory/supermemory-api-typescript-code-samples
                labelOverride:
                    fixedValue: Typescript (SDK)
                blocking: false
