speakeasyVersion: 1.800.1
sources:
    supermemory API:
        sourceNamespace: supermemory-api
        sourceRevisionDigest: sha256:22e1421a3fe4eb80ccb4ba6df5d32169f2dce4ef2e11174c22cf6facf995ab7d
        sourceBlobDigest: sha256:1549530aaf0855d5d1cea620d59e4281fda426016623513f7643a415c96c2e96
        tags:
            - latest
            - 5.0.0
targets:
    supermemory:
        source: supermemory API
        sourceNamespace: supermemory-api
        sourceRevisionDigest: sha256:22e1421a3fe4eb80ccb4ba6df5d32169f2dce4ef2e11174c22cf6facf995ab7d
        sourceBlobDigest: sha256:1549530aaf0855d5d1cea620d59e4281fda426016623513f7643a415c96c2e96
        codeSamplesNamespace: supermemory-api-typescript-code-samples
        codeSamplesRevisionDigest: sha256:159d70bbbbbea8cb4614274a9d542f73b16754d5fcce683a68a39e7ea4c30292
workflow:
    workflowVersion: 1.0.0
    speakeasyVersion: latest
    sources:
        supermemory API:
            inputs:
                - location: https://api.supermemory.ai/v5/openapi
            overlays:
                - location: .speakeasy/v5-surface-overlay.yaml
            output: .speakeasy/out.openapi.yaml
            registry:
                location: registry.speakeasyapi.dev/supermemory-hnj/supermemory/supermemory-api
    targets:
        supermemory:
            target: typescript
            source: supermemory API
            codeSamples:
                registry:
                    location: registry.speakeasyapi.dev/supermemory-hnj/supermemory/supermemory-api-typescript-code-samples
                labelOverride:
                    fixedValue: Typescript (SDK)
                blocking: false
