speakeasyVersion: 1.798.0
sources:
    supermemory API:
        sourceNamespace: supermemory-api
        sourceRevisionDigest: sha256:4bbd28633e4d3da2aa79b9ba9392414893969716a81c6781c186f1584c1dd8b4
        sourceBlobDigest: sha256:c36f4858f43c5273f5a7c31521c73a4e1869a84ded3a0727c003eb3f864306ff
        tags:
            - latest
            - 3.0.0
targets:
    supermemory:
        source: supermemory API
        sourceNamespace: supermemory-api
        sourceRevisionDigest: sha256:4bbd28633e4d3da2aa79b9ba9392414893969716a81c6781c186f1584c1dd8b4
        sourceBlobDigest: sha256:c36f4858f43c5273f5a7c31521c73a4e1869a84ded3a0727c003eb3f864306ff
        codeSamplesNamespace: supermemory-api-typescript-code-samples
        codeSamplesRevisionDigest: sha256:92a4e9d223547cfe1ca321317227a8413695c039248c9dd6984bff66c5cb8bdb
workflow:
    workflowVersion: 1.0.0
    speakeasyVersion: latest
    sources:
        supermemory API:
            inputs:
                - location: https://api.supermemory.ai/v4/openapi
            overlays:
                - location: .speakeasy/speakeasy-modifications-overlay.yaml
                - location: .speakeasy/stainless-parity-overlay.yaml
            output: .speakeasy/out.openapi.yaml
            registry:
                location: registry.speakeasyapi.dev/supermemory-hnj/supermemory/supermemory-api
    targets:
        supermemory:
            target: typescript
            source: supermemory API
            codeSamples:
                registry:
                    location: registry.speakeasyapi.dev/supermemory-hnj/supermemory/supermemory-api-typescript-code-samples
                labelOverride:
                    fixedValue: Typescript (SDK)
                blocking: false
